// !$*UTF8*$!
{
	archiveVersion = 1;
	classes = {
	};
	objectVersion = 46;
	objects = {

/* Begin PBXBuildFile section */
		6755BE061839B8BC002DC30D /* Reachability.m in Sources */ = {isa = PBXBuildFile; fileRef = 6755BE051839B8BC002DC30D /* Reachability.m */; };
		6755BE0C1839B916002DC30D /* SystemConfiguration.framework in Frameworks */ = {isa = PBXBuildFile; fileRef = 6755BE0B1839B916002DC30D /* SystemConfiguration.framework */; };
		6755BE171839F855002DC30D /* Icon.png in Resources */ = {isa = PBXBuildFile; fileRef = 6755BE161839F855002DC30D /* Icon.png */; };
		6755BE1A1839FCCD002DC30D /* asphalt_launch-568h@2x.png in Resources */ = {isa = PBXBuildFile; fileRef = 6755BE181839FCCD002DC30D /* asphalt_launch-568h@2x.png */; };
		6755BE1B1839FCCD002DC30D /* asphalt_launch@2x.png in Resources */ = {isa = PBXBuildFile; fileRef = 6755BE191839FCCD002DC30D /* asphalt_launch@2x.png */; };
		6755BE1D1839FE42002DC30D /* Icon@2x.png in Resources */ = {isa = PBXBuildFile; fileRef = 6755BE1C1839FE42002DC30D /* Icon@2x.png */; };
		7D6839431837B965006D2606 /* sc_logo.png in Resources */ = {isa = PBXBuildFile; fileRef = 7D6839411837B965006D2606 /* sc_logo.png */; };
		7D6839441837B965006D2606 /* sc_logo@2x.png in Resources */ = {isa = PBXBuildFile; fileRef = 7D6839421837B965006D2606 /* sc_logo@2x.png */; };
		7D7C1B67183722CB00CDD084 /* Foundation.framework in Frameworks */ = {isa = PBXBuildFile; fileRef = 7D7C1B66183722CB00CDD084 /* Foundation.framework */; };
		7D7C1B69183722CB00CDD084 /* CoreGraphics.framework in Frameworks */ = {isa = PBXBuildFile; fileRef = 7D7C1B68183722CB00CDD084 /* CoreGraphics.framework */; };
		7D7C1B6B183722CB00CDD084 /* UIKit.framework in Frameworks */ = {isa = PBXBuildFile; fileRef = 7D7C1B6A183722CB00CDD084 /* UIKit.framework */; };
		7D7C1B71183722CB00CDD084 /* InfoPlist.strings in Resources */ = {isa = PBXBuildFile; fileRef = 7D7C1B6F183722CB00CDD084 /* InfoPlist.strings */; };
		7D7C1B73183722CB00CDD084 /* main.m in Sources */ = {isa = PBXBuildFile; fileRef = 7D7C1B72183722CB00CDD084 /* main.m */; };
		7D7C1B77183722CB00CDD084 /* SHAppDelegate.m in Sources */ = {isa = PBXBuildFile; fileRef = 7D7C1B76183722CB00CDD084 /* SHAppDelegate.m */; };
		7D7C1B7D183722CB00CDD084 /* SHViewController.m in Sources */ = {isa = PBXBuildFile; fileRef = 7D7C1B7C183722CB00CDD084 /* SHViewController.m */; };
		7D7C1B7F183722CB00CDD084 /* Images.xcassets in Resources */ = {isa = PBXBuildFile; fileRef = 7D7C1B7E183722CB00CDD084 /* Images.xcassets */; };
		7D7C1B86183722CB00CDD084 /* XCTest.framework in Frameworks */ = {isa = PBXBuildFile; fileRef = 7D7C1B85183722CB00CDD084 /* XCTest.framework */; };
		7D7C1B87183722CB00CDD084 /* Foundation.framework in Frameworks */ = {isa = PBXBuildFile; fileRef = 7D7C1B66183722CB00CDD084 /* Foundation.framework */; };
		7D7C1B88183722CB00CDD084 /* UIKit.framework in Frameworks */ = {isa = PBXBuildFile; fileRef = 7D7C1B6A183722CB00CDD084 /* UIKit.framework */; };
		7D7C1B90183722CB00CDD084 /* InfoPlist.strings in Resources */ = {isa = PBXBuildFile; fileRef = 7D7C1B8E183722CB00CDD084 /* InfoPlist.strings */; };
		7D7C1B92183722CB00CDD084 /* roadtripdjTests.m in Sources */ = {isa = PBXBuildFile; fileRef = 7D7C1B91183722CB00CDD084 /* roadtripdjTests.m */; };
		7D7C1C4F183727A400CDD084 /* AddressBook.framework in Frameworks */ = {isa = PBXBuildFile; fileRef = 7D7C1C4E183727A400CDD084 /* AddressBook.framework */; };
		7D7C1C51183727AB00CDD084 /* AddressBookUI.framework in Frameworks */ = {isa = PBXBuildFile; fileRef = 7D7C1C50183727AB00CDD084 /* AddressBookUI.framework */; };
		7D7C1C53183727BB00CDD084 /* CoreLocation.framework in Frameworks */ = {isa = PBXBuildFile; fileRef = 7D7C1C52183727BB00CDD084 /* CoreLocation.framework */; };
		7D7C1C55183727C300CDD084 /* CoreText.framework in Frameworks */ = {isa = PBXBuildFile; fileRef = 7D7C1C54183727C300CDD084 /* CoreText.framework */; };
		7D7C1C57183727CA00CDD084 /* QuartzCore.framework in Frameworks */ = {isa = PBXBuildFile; fileRef = 7D7C1C56183727CA00CDD084 /* QuartzCore.framework */; };
		7D7C1C59183727D300CDD084 /* Security.framework in Frameworks */ = {isa = PBXBuildFile; fileRef = 7D7C1C58183727D300CDD084 /* Security.framework */; };
		7D8067B518373A820009F395 /* Track.m in Sources */ = {isa = PBXBuildFile; fileRef = 7D8067B418373A820009F395 /* Track.m */; };
		7DB4337D18372EC300A971DF /* libJSONKit.a in Frameworks */ = {isa = PBXBuildFile; fileRef = 7DB4335F18372E9C00A971DF /* libJSONKit.a */; };
		7DB4337E18372EC300A971DF /* libOAuth2Client.a in Frameworks */ = {isa = PBXBuildFile; fileRef = 7DB4336A18372EA000A971DF /* libOAuth2Client.a */; };
		7DB4337F18372EC300A971DF /* libOHAttributedLabel.a in Frameworks */ = {isa = PBXBuildFile; fileRef = 7DB4337018372EA500A971DF /* libOHAttributedLabel.a */; };
		7DB4338018372EC300A971DF /* libSoundCloudAPI.a in Frameworks */ = {isa = PBXBuildFile; fileRef = 7DB4334F18372E9200A971DF /* libSoundCloudAPI.a */; };
		7DB4338118372EC300A971DF /* libSoundCloudUI.a in Frameworks */ = {isa = PBXBuildFile; fileRef = 7DB4335618372E9700A971DF /* libSoundCloudUI.a */; };
		7DB433891837399800A971DF /* SoundCloudSearcher.m in Sources */ = {isa = PBXBuildFile; fileRef = 7DB433881837399800A971DF /* SoundCloudSearcher.m */; };
/* End PBXBuildFile section */

/* Begin PBXContainerItemProxy section */
		7D7C1B89183722CB00CDD084 /* PBXContainerItemProxy */ = {
			isa = PBXContainerItemProxy;
			containerPortal = 7D7C1B5B183722CB00CDD084 /* Project object */;
			proxyType = 1;
			remoteGlobalIDString = 7D7C1B62183722CB00CDD084;
			remoteInfo = roadtripdj;
		};
		7DB4334C18372E9200A971DF /* PBXContainerItemProxy */ = {
			isa = PBXContainerItemProxy;
			containerPortal = 7DB4334718372E9100A971DF /* SoundCloudAPI.xcodeproj */;
			proxyType = 2;
			remoteGlobalIDString = 94535F86123FAFDF00BD668A;
			remoteInfo = SoundCloudAPI.framework;
		};
		7DB4334E18372E9200A971DF /* PBXContainerItemProxy */ = {
			isa = PBXContainerItemProxy;
			containerPortal = 7DB4334718372E9100A971DF /* SoundCloudAPI.xcodeproj */;
			proxyType = 2;
			remoteGlobalIDString = D2AAC07E0554694100DB518D;
			remoteInfo = SoundCloudAPI;
		};
		7DB4335518372E9700A971DF /* PBXContainerItemProxy */ = {
			isa = PBXContainerItemProxy;
			containerPortal = 7DB4335018372E9600A971DF /* SoundCloudUI.xcodeproj */;
			proxyType = 2;
			remoteGlobalIDString = F6EF8C6113F929D700B20B40;
			remoteInfo = libSoundCloudUI;
		};
		7DB4335718372E9700A971DF /* PBXContainerItemProxy */ = {
			isa = PBXContainerItemProxy;
			containerPortal = 7DB4335018372E9600A971DF /* SoundCloudUI.xcodeproj */;
			proxyType = 2;
			remoteGlobalIDString = F62E0CE5148FB27100BE8F14;
			remoteInfo = SoundCloudUI.framework;
		};
		7DB4335E18372E9C00A971DF /* PBXContainerItemProxy */ = {
			isa = PBXContainerItemProxy;
			containerPortal = 7DB4335918372E9C00A971DF /* JSONKit.xcodeproj */;
			proxyType = 2;
			remoteGlobalIDString = F6803523148F6D22008A51BA;
			remoteInfo = libJSONKit;
		};
		7DB4336018372E9C00A971DF /* PBXContainerItemProxy */ = {
			isa = PBXContainerItemProxy;
			containerPortal = 7DB4335918372E9C00A971DF /* JSONKit.xcodeproj */;
			proxyType = 2;
			remoteGlobalIDString = F6AE0202148F825C0004909F;
			remoteInfo = JSONKit.framework;
		};
		7DB4336718372EA000A971DF /* PBXContainerItemProxy */ = {
			isa = PBXContainerItemProxy;
			containerPortal = 7DB4336218372EA000A971DF /* OAuth2Client.xcodeproj */;
			proxyType = 2;
			remoteGlobalIDString = 942FFCD612315E0A00E6C65E;
			remoteInfo = OAuth2Client.framework;
		};
		7DB4336918372EA000A971DF /* PBXContainerItemProxy */ = {
			isa = PBXContainerItemProxy;
			containerPortal = 7DB4336218372EA000A971DF /* OAuth2Client.xcodeproj */;
			proxyType = 2;
			remoteGlobalIDString = D2AAC07E0554694100DB518D;
			remoteInfo = OAuth2Client;
		};
		7DB4336F18372EA500A971DF /* PBXContainerItemProxy */ = {
			isa = PBXContainerItemProxy;
			containerPortal = 7DB4336B18372EA500A971DF /* OHAttributedLabel.xcodeproj */;
			proxyType = 2;
			remoteGlobalIDString = F62728FA148F70DF00314599;
			remoteInfo = OHAttributedLabel;
		};
		7DB4337118372EAC00A971DF /* PBXContainerItemProxy */ = {
			isa = PBXContainerItemProxy;
			containerPortal = 7DB4336B18372EA500A971DF /* OHAttributedLabel.xcodeproj */;
			proxyType = 1;
			remoteGlobalIDString = F62728F9148F70DF00314599;
			remoteInfo = OHAttributedLabel;
		};
		7DB4337518372EB300A971DF /* PBXContainerItemProxy */ = {
			isa = PBXContainerItemProxy;
			containerPortal = 7DB4336218372EA000A971DF /* OAuth2Client.xcodeproj */;
			proxyType = 1;
			remoteGlobalIDString = D2AAC07D0554694100DB518D;
			remoteInfo = OAuth2Client;
		};
		7DB4337718372EB600A971DF /* PBXContainerItemProxy */ = {
			isa = PBXContainerItemProxy;
			containerPortal = 7DB4335918372E9C00A971DF /* JSONKit.xcodeproj */;
			proxyType = 1;
			remoteGlobalIDString = F6803522148F6D22008A51BA;
			remoteInfo = libJSONKit;
		};
		7DB4337918372EB800A971DF /* PBXContainerItemProxy */ = {
			isa = PBXContainerItemProxy;
			containerPortal = 7DB4335018372E9600A971DF /* SoundCloudUI.xcodeproj */;
			proxyType = 1;
			remoteGlobalIDString = F6EF8C6013F929D700B20B40;
			remoteInfo = libSoundCloudUI;
		};
		7DB4337B18372EBB00A971DF /* PBXContainerItemProxy */ = {
			isa = PBXContainerItemProxy;
			containerPortal = 7DB4334718372E9100A971DF /* SoundCloudAPI.xcodeproj */;
			proxyType = 1;
			remoteGlobalIDString = D2AAC07D0554694100DB518D;
			remoteInfo = SoundCloudAPI;
		};
/* End PBXContainerItemProxy section */

/* Begin PBXFileReference section */
		6755BE041839B8BC002DC30D /* Reachability.h */ = {isa = PBXFileReference; fileEncoding = 4; lastKnownFileType = sourcecode.c.h; path = Reachability.h; sourceTree = "<group>"; };
		6755BE051839B8BC002DC30D /* Reachability.m */ = {isa = PBXFileReference; fileEncoding = 4; lastKnownFileType = sourcecode.c.objc; path = Reachability.m; sourceTree = "<group>"; };
		6755BE0B1839B916002DC30D /* SystemConfiguration.framework */ = {isa = PBXFileReference; lastKnownFileType = wrapper.framework; name = SystemConfiguration.framework; path = System/Library/Frameworks/SystemConfiguration.framework; sourceTree = SDKROOT; };
		6755BE161839F855002DC30D /* Icon.png */ = {isa = PBXFileReference; lastKnownFileType = image.png; path = Icon.png; sourceTree = "<group>"; };
		6755BE181839FCCD002DC30D /* asphalt_launch-568h@2x.png */ = {isa = PBXFileReference; lastKnownFileType = image.png; path = "asphalt_launch-568h@2x.png"; sourceTree = "<group>"; };
		6755BE191839FCCD002DC30D /* asphalt_launch@2x.png */ = {isa = PBXFileReference; lastKnownFileType = image.png; path = "asphalt_launch@2x.png"; sourceTree = "<group>"; };
		6755BE1C1839FE42002DC30D /* Icon@2x.png */ = {isa = PBXFileReference; lastKnownFileType = image.png; path = "Icon@2x.png"; sourceTree = "<group>"; };
		7D6839411837B965006D2606 /* sc_logo.png */ = {isa = PBXFileReference; lastKnownFileType = image.png; path = sc_logo.png; sourceTree = "<group>"; };
		7D6839421837B965006D2606 /* sc_logo@2x.png */ = {isa = PBXFileReference; lastKnownFileType = image.png; path = "sc_logo@2x.png"; sourceTree = "<group>"; };
		7D7C1B63183722CB00CDD084 /* roadtripdj.app */ = {isa = PBXFileReference; explicitFileType = wrapper.application; includeInIndex = 0; path = roadtripdj.app; sourceTree = BUILT_PRODUCTS_DIR; };
		7D7C1B66183722CB00CDD084 /* Foundation.framework */ = {isa = PBXFileReference; lastKnownFileType = wrapper.framework; name = Foundation.framework; path = System/Library/Frameworks/Foundation.framework; sourceTree = SDKROOT; };
		7D7C1B68183722CB00CDD084 /* CoreGraphics.framework */ = {isa = PBXFileReference; lastKnownFileType = wrapper.framework; name = CoreGraphics.framework; path = System/Library/Frameworks/CoreGraphics.framework; sourceTree = SDKROOT; };
		7D7C1B6A183722CB00CDD084 /* UIKit.framework */ = {isa = PBXFileReference; lastKnownFileType = wrapper.framework; name = UIKit.framework; path = System/Library/Frameworks/UIKit.framework; sourceTree = SDKROOT; };
		7D7C1B6E183722CB00CDD084 /* roadtripdj-Info.plist */ = {isa = PBXFileReference; lastKnownFileType = text.plist.xml; path = "roadtripdj-Info.plist"; sourceTree = "<group>"; };
		7D7C1B70183722CB00CDD084 /* en */ = {isa = PBXFileReference; lastKnownFileType = text.plist.strings; name = en; path = en.lproj/InfoPlist.strings; sourceTree = "<group>"; };
		7D7C1B72183722CB00CDD084 /* main.m */ = {isa = PBXFileReference; lastKnownFileType = sourcecode.c.objc; path = main.m; sourceTree = "<group>"; };
		7D7C1B74183722CB00CDD084 /* roadtripdj-Prefix.pch */ = {isa = PBXFileReference; lastKnownFileType = sourcecode.c.h; path = "roadtripdj-Prefix.pch"; sourceTree = "<group>"; };
		7D7C1B75183722CB00CDD084 /* SHAppDelegate.h */ = {isa = PBXFileReference; lastKnownFileType = sourcecode.c.h; path = SHAppDelegate.h; sourceTree = "<group>"; };
		7D7C1B76183722CB00CDD084 /* SHAppDelegate.m */ = {isa = PBXFileReference; lastKnownFileType = sourcecode.c.objc; path = SHAppDelegate.m; sourceTree = "<group>"; };
		7D7C1B7B183722CB00CDD084 /* SHViewController.h */ = {isa = PBXFileReference; lastKnownFileType = sourcecode.c.h; path = SHViewController.h; sourceTree = "<group>"; };
		7D7C1B7C183722CB00CDD084 /* SHViewController.m */ = {isa = PBXFileReference; lastKnownFileType = sourcecode.c.objc; path = SHViewController.m; sourceTree = "<group>"; };
		7D7C1B7E183722CB00CDD084 /* Images.xcassets */ = {isa = PBXFileReference; lastKnownFileType = folder.assetcatalog; path = Images.xcassets; sourceTree = "<group>"; };
		7D7C1B84183722CB00CDD084 /* roadtripdjTests.xctest */ = {isa = PBXFileReference; explicitFileType = wrapper.cfbundle; includeInIndex = 0; path = roadtripdjTests.xctest; sourceTree = BUILT_PRODUCTS_DIR; };
		7D7C1B85183722CB00CDD084 /* XCTest.framework */ = {isa = PBXFileReference; lastKnownFileType = wrapper.framework; name = XCTest.framework; path = Library/Frameworks/XCTest.framework; sourceTree = DEVELOPER_DIR; };
		7D7C1B8D183722CB00CDD084 /* roadtripdjTests-Info.plist */ = {isa = PBXFileReference; lastKnownFileType = text.plist.xml; path = "roadtripdjTests-Info.plist"; sourceTree = "<group>"; };
		7D7C1B8F183722CB00CDD084 /* en */ = {isa = PBXFileReference; lastKnownFileType = text.plist.strings; name = en; path = en.lproj/InfoPlist.strings; sourceTree = "<group>"; };
		7D7C1B91183722CB00CDD084 /* roadtripdjTests.m */ = {isa = PBXFileReference; lastKnownFileType = sourcecode.c.objc; path = roadtripdjTests.m; sourceTree = "<group>"; };
		7D7C1C4E183727A400CDD084 /* AddressBook.framework */ = {isa = PBXFileReference; lastKnownFileType = wrapper.framework; name = AddressBook.framework; path = System/Library/Frameworks/AddressBook.framework; sourceTree = SDKROOT; };
		7D7C1C50183727AB00CDD084 /* AddressBookUI.framework */ = {isa = PBXFileReference; lastKnownFileType = wrapper.framework; name = AddressBookUI.framework; path = System/Library/Frameworks/AddressBookUI.framework; sourceTree = SDKROOT; };
		7D7C1C52183727BB00CDD084 /* CoreLocation.framework */ = {isa = PBXFileReference; lastKnownFileType = wrapper.framework; name = CoreLocation.framework; path = System/Library/Frameworks/CoreLocation.framework; sourceTree = SDKROOT; };
		7D7C1C54183727C300CDD084 /* CoreText.framework */ = {isa = PBXFileReference; lastKnownFileType = wrapper.framework; name = CoreText.framework; path = System/Library/Frameworks/CoreText.framework; sourceTree = SDKROOT; };
		7D7C1C56183727CA00CDD084 /* QuartzCore.framework */ = {isa = PBXFileReference; lastKnownFileType = wrapper.framework; name = QuartzCore.framework; path = System/Library/Frameworks/QuartzCore.framework; sourceTree = SDKROOT; };
		7D7C1C58183727D300CDD084 /* Security.framework */ = {isa = PBXFileReference; lastKnownFileType = wrapper.framework; name = Security.framework; path = System/Library/Frameworks/Security.framework; sourceTree = SDKROOT; };
		7D8067B318373A820009F395 /* Track.h */ = {isa = PBXFileReference; fileEncoding = 4; lastKnownFileType = sourcecode.c.h; path = Track.h; sourceTree = "<group>"; };
		7D8067B418373A820009F395 /* Track.m */ = {isa = PBXFileReference; fileEncoding = 4; lastKnownFileType = sourcecode.c.objc; path = Track.m; sourceTree = "<group>"; };
		7DB4334718372E9100A971DF /* SoundCloudAPI.xcodeproj */ = {isa = PBXFileReference; lastKnownFileType = "wrapper.pb-project"; name = SoundCloudAPI.xcodeproj; path = ../CocoaSoundCloudAPI/SoundCloudAPI.xcodeproj; sourceTree = "<group>"; };
		7DB4335018372E9600A971DF /* SoundCloudUI.xcodeproj */ = {isa = PBXFileReference; lastKnownFileType = "wrapper.pb-project"; name = SoundCloudUI.xcodeproj; path = ../CocoaSoundCloudUI/SoundCloudUI.xcodeproj; sourceTree = "<group>"; };
		7DB4335918372E9C00A971DF /* JSONKit.xcodeproj */ = {isa = PBXFileReference; lastKnownFileType = "wrapper.pb-project"; name = JSONKit.xcodeproj; path = ../JSONKit/JSONKit.xcodeproj; sourceTree = "<group>"; };
		7DB4336218372EA000A971DF /* OAuth2Client.xcodeproj */ = {isa = PBXFileReference; lastKnownFileType = "wrapper.pb-project"; name = OAuth2Client.xcodeproj; path = ../OAuth2Client/OAuth2Client.xcodeproj; sourceTree = "<group>"; };
		7DB4336B18372EA500A971DF /* OHAttributedLabel.xcodeproj */ = {isa = PBXFileReference; lastKnownFileType = "wrapper.pb-project"; name = OHAttributedLabel.xcodeproj; path = ../OHAttributedLabel/OHAttributedLabel.xcodeproj; sourceTree = "<group>"; };
		7DB433871837399800A971DF /* SoundCloudSearcher.h */ = {isa = PBXFileReference; fileEncoding = 4; lastKnownFileType = sourcecode.c.h; path = SoundCloudSearcher.h; sourceTree = "<group>"; };
		7DB433881837399800A971DF /* SoundCloudSearcher.m */ = {isa = PBXFileReference; fileEncoding = 4; lastKnownFileType = sourcecode.c.objc; path = SoundCloudSearcher.m; sourceTree = "<group>"; };
/* End PBXFileReference section */

/* Begin PBXFrameworksBuildPhase section */
		7D7C1B60183722CB00CDD084 /* Frameworks */ = {
			isa = PBXFrameworksBuildPhase;
			buildActionMask = 2147483647;
			files = (
				6755BE0C1839B916002DC30D /* SystemConfiguration.framework in Frameworks */,
				7DB4337D18372EC300A971DF /* libJSONKit.a in Frameworks */,
				7DB4337E18372EC300A971DF /* libOAuth2Client.a in Frameworks */,
				7DB4337F18372EC300A971DF /* libOHAttributedLabel.a in Frameworks */,
				7DB4338018372EC300A971DF /* libSoundCloudAPI.a in Frameworks */,
				7DB4338118372EC300A971DF /* libSoundCloudUI.a in Frameworks */,
				7D7C1C59183727D300CDD084 /* Security.framework in Frameworks */,
				7D7C1C57183727CA00CDD084 /* QuartzCore.framework in Frameworks */,
				7D7C1C55183727C300CDD084 /* CoreText.framework in Frameworks */,
				7D7C1C53183727BB00CDD084 /* CoreLocation.framework in Frameworks */,
				7D7C1B69183722CB00CDD084 /* CoreGraphics.framework in Frameworks */,
				7D7C1C51183727AB00CDD084 /* AddressBookUI.framework in Frameworks */,
				7D7C1C4F183727A400CDD084 /* AddressBook.framework in Frameworks */,
				7D7C1B6B183722CB00CDD084 /* UIKit.framework in Frameworks */,
				7D7C1B67183722CB00CDD084 /* Foundation.framework in Frameworks */,
			);
			runOnlyForDeploymentPostprocessing = 0;
		};
		7D7C1B81183722CB00CDD084 /* Frameworks */ = {
			isa = PBXFrameworksBuildPhase;
			buildActionMask = 2147483647;
			files = (
				7D7C1B86183722CB00CDD084 /* XCTest.framework in Frameworks */,
				7D7C1B88183722CB00CDD084 /* UIKit.framework in Frameworks */,
				7D7C1B87183722CB00CDD084 /* Foundation.framework in Frameworks */,
			);
			runOnlyForDeploymentPostprocessing = 0;
		};
/* End PBXFrameworksBuildPhase section */

/* Begin PBXGroup section */
		7D7C1B5A183722CB00CDD084 = {
			isa = PBXGroup;
			children = (
				7DB4336B18372EA500A971DF /* OHAttributedLabel.xcodeproj */,
				7DB4336218372EA000A971DF /* OAuth2Client.xcodeproj */,
				7DB4335918372E9C00A971DF /* JSONKit.xcodeproj */,
				7DB4335018372E9600A971DF /* SoundCloudUI.xcodeproj */,
				7DB4334718372E9100A971DF /* SoundCloudAPI.xcodeproj */,
				7D7C1B6C183722CB00CDD084 /* roadtripdj */,
				7D7C1B8B183722CB00CDD084 /* roadtripdjTests */,
				7D7C1B65183722CB00CDD084 /* Frameworks */,
				7D7C1B64183722CB00CDD084 /* Products */,
			);
			sourceTree = "<group>";
		};
		7D7C1B64183722CB00CDD084 /* Products */ = {
			isa = PBXGroup;
			children = (
				7D7C1B63183722CB00CDD084 /* roadtripdj.app */,
				7D7C1B84183722CB00CDD084 /* roadtripdjTests.xctest */,
			);
			name = Products;
			sourceTree = "<group>";
		};
		7D7C1B65183722CB00CDD084 /* Frameworks */ = {
			isa = PBXGroup;
			children = (
				6755BE0B1839B916002DC30D /* SystemConfiguration.framework */,
				7D7C1C58183727D300CDD084 /* Security.framework */,
				7D7C1C56183727CA00CDD084 /* QuartzCore.framework */,
				7D7C1C54183727C300CDD084 /* CoreText.framework */,
				7D7C1C52183727BB00CDD084 /* CoreLocation.framework */,
				7D7C1C50183727AB00CDD084 /* AddressBookUI.framework */,
				7D7C1C4E183727A400CDD084 /* AddressBook.framework */,
				7D7C1B66183722CB00CDD084 /* Foundation.framework */,
				7D7C1B68183722CB00CDD084 /* CoreGraphics.framework */,
				7D7C1B6A183722CB00CDD084 /* UIKit.framework */,
				7D7C1B85183722CB00CDD084 /* XCTest.framework */,
			);
			name = Frameworks;
			sourceTree = "<group>";
		};
		7D7C1B6C183722CB00CDD084 /* roadtripdj */ = {
			isa = PBXGroup;
			children = (
				7D6839411837B965006D2606 /* sc_logo.png */,
				7D6839421837B965006D2606 /* sc_logo@2x.png */,
				6755BE1C1839FE42002DC30D /* Icon@2x.png */,
				6755BE181839FCCD002DC30D /* asphalt_launch-568h@2x.png */,
				6755BE191839FCCD002DC30D /* asphalt_launch@2x.png */,
				6755BE161839F855002DC30D /* Icon.png */,
				6755BE041839B8BC002DC30D /* Reachability.h */,
				6755BE051839B8BC002DC30D /* Reachability.m */,
				7D7C1B75183722CB00CDD084 /* SHAppDelegate.h */,
				7D7C1B76183722CB00CDD084 /* SHAppDelegate.m */,
				7D7C1B7B183722CB00CDD084 /* SHViewController.h */,
				7D7C1B7C183722CB00CDD084 /* SHViewController.m */,
				7DB433871837399800A971DF /* SoundCloudSearcher.h */,
				7DB433881837399800A971DF /* SoundCloudSearcher.m */,
				7D8067B318373A820009F395 /* Track.h */,
				7D8067B418373A820009F395 /* Track.m */,
				7D7C1B7E183722CB00CDD084 /* Images.xcassets */,
				7D7C1B6D183722CB00CDD084 /* Supporting Files */,
			);
			path = roadtripdj;
			sourceTree = "<group>";
		};
		7D7C1B6D183722CB00CDD084 /* Supporting Files */ = {
			isa = PBXGroup;
			children = (
				7D7C1B6E183722CB00CDD084 /* roadtripdj-Info.plist */,
				7D7C1B6F183722CB00CDD084 /* InfoPlist.strings */,
				7D7C1B72183722CB00CDD084 /* main.m */,
				7D7C1B74183722CB00CDD084 /* roadtripdj-Prefix.pch */,
			);
			name = "Supporting Files";
			sourceTree = "<group>";
		};
		7D7C1B8B183722CB00CDD084 /* roadtripdjTests */ = {
			isa = PBXGroup;
			children = (
				7D7C1B91183722CB00CDD084 /* roadtripdjTests.m */,
				7D7C1B8C183722CB00CDD084 /* Supporting Files */,
			);
			path = roadtripdjTests;
			sourceTree = "<group>";
		};
		7D7C1B8C183722CB00CDD084 /* Supporting Files */ = {
			isa = PBXGroup;
			children = (
				7D7C1B8D183722CB00CDD084 /* roadtripdjTests-Info.plist */,
				7D7C1B8E183722CB00CDD084 /* InfoPlist.strings */,
			);
			name = "Supporting Files";
			sourceTree = "<group>";
		};
		7DB4334818372E9100A971DF /* Products */ = {
			isa = PBXGroup;
			children = (
				7DB4334D18372E9200A971DF /* SoundCloudAPI.framework */,
				7DB4334F18372E9200A971DF /* libSoundCloudAPI.a */,
			);
			name = Products;
			sourceTree = "<group>";
		};
		7DB4335118372E9600A971DF /* Products */ = {
			isa = PBXGroup;
			children = (
				7DB4335618372E9700A971DF /* libSoundCloudUI.a */,
				7DB4335818372E9700A971DF /* SoundCloudUI.framework */,
			);
			name = Products;
			sourceTree = "<group>";
		};
		7DB4335A18372E9C00A971DF /* Products */ = {
			isa = PBXGroup;
			children = (
				7DB4335F18372E9C00A971DF /* libJSONKit.a */,
				7DB4336118372E9C00A971DF /* JSONKit.framework */,
			);
			name = Products;
			sourceTree = "<group>";
		};
		7DB4336318372EA000A971DF /* Products */ = {
			isa = PBXGroup;
			children = (
				7DB4336818372EA000A971DF /* OAuth2Client.framework */,
				7DB4336A18372EA000A971DF /* libOAuth2Client.a */,
			);
			name = Products;
			sourceTree = "<group>";
		};
		7DB4336C18372EA500A971DF /* Products */ = {
			isa = PBXGroup;
			children = (
				7DB4337018372EA500A971DF /* libOHAttributedLabel.a */,
			);
			name = Products;
			sourceTree = "<group>";
		};
/* End PBXGroup section */

/* Begin PBXNativeTarget section */
		7D7C1B62183722CB00CDD084 /* roadtripdj */ = {
			isa = PBXNativeTarget;
			buildConfigurationList = 7D7C1B95183722CB00CDD084 /* Build configuration list for PBXNativeTarget "roadtripdj" */;
			buildPhases = (
				7D7C1B5F183722CB00CDD084 /* Sources */,
				7D7C1B60183722CB00CDD084 /* Frameworks */,
				7D7C1B61183722CB00CDD084 /* Resources */,
			);
			buildRules = (
			);
			dependencies = (
				7DB4337C18372EBB00A971DF /* PBXTargetDependency */,
				7DB4337A18372EB800A971DF /* PBXTargetDependency */,
				7DB4337818372EB600A971DF /* PBXTargetDependency */,
				7DB4337618372EB300A971DF /* PBXTargetDependency */,
				7DB4337218372EAC00A971DF /* PBXTargetDependency */,
			);
			name = roadtripdj;
			productName = roadtripdj;
			productReference = 7D7C1B63183722CB00CDD084 /* roadtripdj.app */;
			productType = "com.apple.product-type.application";
		};
		7D7C1B83183722CB00CDD084 /* roadtripdjTests */ = {
			isa = PBXNativeTarget;
			buildConfigurationList = 7D7C1B98183722CB00CDD084 /* Build configuration list for PBXNativeTarget "roadtripdjTests" */;
			buildPhases = (
				7D7C1B80183722CB00CDD084 /* Sources */,
				7D7C1B81183722CB00CDD084 /* Frameworks */,
				7D7C1B82183722CB00CDD084 /* Resources */,
			);
			buildRules = (
			);
			dependencies = (
				7D7C1B8A183722CB00CDD084 /* PBXTargetDependency */,
			);
			name = roadtripdjTests;
			productName = roadtripdjTests;
			productReference = 7D7C1B84183722CB00CDD084 /* roadtripdjTests.xctest */;
			productType = "com.apple.product-type.bundle.unit-test";
		};
/* End PBXNativeTarget section */

/* Begin PBXProject section */
		7D7C1B5B183722CB00CDD084 /* Project object */ = {
			isa = PBXProject;
			attributes = {
				CLASSPREFIX = SH;
				LastUpgradeCheck = 0500;
				ORGANIZATIONNAME = "Sasha Heinen";
				TargetAttributes = {
					7D7C1B62183722CB00CDD084 = {
						SystemCapabilities = {
							com.apple.BackgroundModes = {
								enabled = 1;
							};
						};
					};
					7D7C1B83183722CB00CDD084 = {
						TestTargetID = 7D7C1B62183722CB00CDD084;
					};
				};
			};
			buildConfigurationList = 7D7C1B5E183722CB00CDD084 /* Build configuration list for PBXProject "roadtripdj" */;
			compatibilityVersion = "Xcode 3.2";
			developmentRegion = English;
			hasScannedForEncodings = 0;
			knownRegions = (
				en,
				Base,
			);
			mainGroup = 7D7C1B5A183722CB00CDD084;
			productRefGroup = 7D7C1B64183722CB00CDD084 /* Products */;
			projectDirPath = "";
			projectReferences = (
				{
					ProductGroup = 7DB4335A18372E9C00A971DF /* Products */;
					ProjectRef = 7DB4335918372E9C00A971DF /* JSONKit.xcodeproj */;
				},
				{
					ProductGroup = 7DB4336318372EA000A971DF /* Products */;
					ProjectRef = 7DB4336218372EA000A971DF /* OAuth2Client.xcodeproj */;
				},
				{
					ProductGroup = 7DB4336C18372EA500A971DF /* Products */;
					ProjectRef = 7DB4336B18372EA500A971DF /* OHAttributedLabel.xcodeproj */;
				},
				{
					ProductGroup = 7DB4334818372E9100A971DF /* Products */;
					ProjectRef = 7DB4334718372E9100A971DF /* SoundCloudAPI.xcodeproj */;
				},
				{
					ProductGroup = 7DB4335118372E9600A971DF /* Products */;
					ProjectRef = 7DB4335018372E9600A971DF /* SoundCloudUI.xcodeproj */;
				},
			);
			projectRoot = "";
			targets = (
				7D7C1B62183722CB00CDD084 /* roadtripdj */,
				7D7C1B83183722CB00CDD084 /* roadtripdjTests */,
			);
		};
/* End PBXProject section */

/* Begin PBXReferenceProxy section */
		7DB4334D18372E9200A971DF /* SoundCloudAPI.framework */ = {
			isa = PBXReferenceProxy;
			fileType = wrapper.framework;
			path = SoundCloudAPI.framework;
			remoteRef = 7DB4334C18372E9200A971DF /* PBXContainerItemProxy */;
			sourceTree = BUILT_PRODUCTS_DIR;
		};
		7DB4334F18372E9200A971DF /* libSoundCloudAPI.a */ = {
			isa = PBXReferenceProxy;
			fileType = archive.ar;
			path = libSoundCloudAPI.a;
			remoteRef = 7DB4334E18372E9200A971DF /* PBXContainerItemProxy */;
			sourceTree = BUILT_PRODUCTS_DIR;
		};
		7DB4335618372E9700A971DF /* libSoundCloudUI.a */ = {
			isa = PBXReferenceProxy;
			fileType = archive.ar;
			path = libSoundCloudUI.a;
			remoteRef = 7DB4335518372E9700A971DF /* PBXContainerItemProxy */;
			sourceTree = BUILT_PRODUCTS_DIR;
		};
		7DB4335818372E9700A971DF /* SoundCloudUI.framework */ = {
			isa = PBXReferenceProxy;
			fileType = wrapper.framework;
			path = SoundCloudUI.framework;
			remoteRef = 7DB4335718372E9700A971DF /* PBXContainerItemProxy */;
			sourceTree = BUILT_PRODUCTS_DIR;
		};
		7DB4335F18372E9C00A971DF /* libJSONKit.a */ = {
			isa = PBXReferenceProxy;
			fileType = archive.ar;
			path = libJSONKit.a;
			remoteRef = 7DB4335E18372E9C00A971DF /* PBXContainerItemProxy */;
			sourceTree = BUILT_PRODUCTS_DIR;
		};
		7DB4336118372E9C00A971DF /* JSONKit.framework */ = {
			isa = PBXReferenceProxy;
			fileType = wrapper.framework;
			path = JSONKit.framework;
			remoteRef = 7DB4336018372E9C00A971DF /* PBXContainerItemProxy */;
			sourceTree = BUILT_PRODUCTS_DIR;
		};
		7DB4336818372EA000A971DF /* OAuth2Client.framework */ = {
			isa = PBXReferenceProxy;
			fileType = wrapper.framework;
			path = OAuth2Client.framework;
			remoteRef = 7DB4336718372EA000A971DF /* PBXContainerItemProxy */;
			sourceTree = BUILT_PRODUCTS_DIR;
		};
		7DB4336A18372EA000A971DF /* libOAuth2Client.a */ = {
			isa = PBXReferenceProxy;
			fileType = archive.ar;
			path = libOAuth2Client.a;
			remoteRef = 7DB4336918372EA000A971DF /* PBXContainerItemProxy */;
			sourceTree = BUILT_PRODUCTS_DIR;
		};
		7DB4337018372EA500A971DF /* libOHAttributedLabel.a */ = {
			isa = PBXReferenceProxy;
			fileType = archive.ar;
			path = libOHAttributedLabel.a;
			remoteRef = 7DB4336F18372EA500A971DF /* PBXContainerItemProxy */;
			sourceTree = BUILT_PRODUCTS_DIR;
		};
/* End PBXReferenceProxy section */

/* Begin PBXResourcesBuildPhase section */
		7D7C1B61183722CB00CDD084 /* Resources */ = {
			isa = PBXResourcesBuildPhase;
			buildActionMask = 2147483647;
			files = (
				6755BE1A1839FCCD002DC30D /* asphalt_launch-568h@2x.png in Resources */,
				6755BE1D1839FE42002DC30D /* Icon@2x.png in Resources */,
				7D6839431837B965006D2606 /* sc_logo.png in Resources */,
				7D6839441837B965006D2606 /* sc_logo@2x.png in Resources */,
				6755BE171839F855002DC30D /* Icon.png in Resources */,
				7D7C1B7F183722CB00CDD084 /* Images.xcassets in Resources */,
				7D7C1B71183722CB00CDD084 /* InfoPlist.strings in Resources */,
				6755BE1B1839FCCD002DC30D /* asphalt_launch@2x.png in Resources */,
			);
			runOnlyForDeploymentPostprocessing = 0;
		};
		7D7C1B82183722CB00CDD084 /* Resources */ = {
			isa = PBXResourcesBuildPhase;
			buildActionMask = 2147483647;
			files = (
				7D7C1B90183722CB00CDD084 /* InfoPlist.strings in Resources */,
			);
			runOnlyForDeploymentPostprocessing = 0;
		};
/* End PBXResourcesBuildPhase section */

/* Begin PBXSourcesBuildPhase section */
		7D7C1B5F183722CB00CDD084 /* Sources */ = {
			isa = PBXSourcesBuildPhase;
			buildActionMask = 2147483647;
			files = (
				7DB433891837399800A971DF /* SoundCloudSearcher.m in Sources */,
				7D7C1B73183722CB00CDD084 /* main.m in Sources */,
				6755BE061839B8BC002DC30D /* Reachability.m in Sources */,
				7D7C1B7D183722CB00CDD084 /* SHViewController.m in Sources */,
				7D8067B518373A820009F395 /* Track.m in Sources */,
				7D7C1B77183722CB00CDD084 /* SHAppDelegate.m in Sources */,
			);
			runOnlyForDeploymentPostprocessing = 0;
		};
		7D7C1B80183722CB00CDD084 /* Sources */ = {
			isa = PBXSourcesBuildPhase;
			buildActionMask = 2147483647;
			files = (
				7D7C1B92183722CB00CDD084 /* roadtripdjTests.m in Sources */,
			);
			runOnlyForDeploymentPostprocessing = 0;
		};
/* End PBXSourcesBuildPhase section */

/* Begin PBXTargetDependency section */
		7D7C1B8A183722CB00CDD084 /* PBXTargetDependency */ = {
			isa = PBXTargetDependency;
			target = 7D7C1B62183722CB00CDD084 /* roadtripdj */;
			targetProxy = 7D7C1B89183722CB00CDD084 /* PBXContainerItemProxy */;
		};
		7DB4337218372EAC00A971DF /* PBXTargetDependency */ = {
			isa = PBXTargetDependency;
			name = OHAttributedLabel;
			targetProxy = 7DB4337118372EAC00A971DF /* PBXContainerItemProxy */;
		};
		7DB4337618372EB300A971DF /* PBXTargetDependency */ = {
			isa = PBXTargetDependency;
			name = OAuth2Client;
			targetProxy = 7DB4337518372EB300A971DF /* PBXContainerItemProxy */;
		};
		7DB4337818372EB600A971DF /* PBXTargetDependency */ = {
			isa = PBXTargetDependency;
			name = libJSONKit;
			targetProxy = 7DB4337718372EB600A971DF /* PBXContainerItemProxy */;
		};
		7DB4337A18372EB800A971DF /* PBXTargetDependency */ = {
			isa = PBXTargetDependency;
			name = libSoundCloudUI;
			targetProxy = 7DB4337918372EB800A971DF /* PBXContainerItemProxy */;
		};
		7DB4337C18372EBB00A971DF /* PBXTargetDependency */ = {
			isa = PBXTargetDependency;
			name = SoundCloudAPI;
			targetProxy = 7DB4337B18372EBB00A971DF /* PBXContainerItemProxy */;
		};
/* End PBXTargetDependency section */

/* Begin PBXVariantGroup section */
		7D7C1B6F183722CB00CDD084 /* InfoPlist.strings */ = {
			isa = PBXVariantGroup;
			children = (
				7D7C1B70183722CB00CDD084 /* en */,
			);
			name = InfoPlist.strings;
			sourceTree = "<group>";
		};
		7D7C1B8E183722CB00CDD084 /* InfoPlist.strings */ = {
			isa = PBXVariantGroup;
			children = (
				7D7C1B8F183722CB00CDD084 /* en */,
			);
			name = InfoPlist.strings;
			sourceTree = "<group>";
		};
/* End PBXVariantGroup section */

/* Begin XCBuildConfiguration section */
		7D7C1B93183722CB00CDD084 /* Debug */ = {
			isa = XCBuildConfiguration;
			buildSettings = {
				ALWAYS_SEARCH_USER_PATHS = NO;
				ARCHS = "$(ARCHS_STANDARD)";
				CLANG_CXX_LANGUAGE_STANDARD = "gnu++0x";
				CLANG_CXX_LIBRARY = "libc++";
				CLANG_ENABLE_MODULES = YES;
				CLANG_ENABLE_OBJC_ARC = YES;
				CLANG_WARN_BOOL_CONVERSION = YES;
				CLANG_WARN_CONSTANT_CONVERSION = YES;
				CLANG_WARN_DIRECT_OBJC_ISA_USAGE = YES_ERROR;
				CLANG_WARN_EMPTY_BODY = YES;
				CLANG_WARN_ENUM_CONVERSION = YES;
				CLANG_WARN_INT_CONVERSION = YES;
				CLANG_WARN_OBJC_ROOT_CLASS = YES_ERROR;
				CLANG_WARN__DUPLICATE_METHOD_MATCH = YES;
				CODE_SIGN_IDENTITY = "iPhone Developer: Hart DEESE (DRW97N9F43)";
				"CODE_SIGN_IDENTITY[sdk=iphoneos*]" = "iPhone Developer";
				COPY_PHASE_STRIP = NO;
				GCC_C_LANGUAGE_STANDARD = gnu99;
				GCC_DYNAMIC_NO_PIC = NO;
				GCC_OPTIMIZATION_LEVEL = 0;
				GCC_PREPROCESSOR_DEFINITIONS = (
					"DEBUG=1",
					"$(inherited)",
				);
				GCC_SYMBOLS_PRIVATE_EXTERN = NO;
				GCC_WARN_64_TO_32_BIT_CONVERSION = YES;
				GCC_WARN_ABOUT_RETURN_TYPE = YES_ERROR;
				GCC_WARN_UNDECLARED_SELECTOR = YES;
				GCC_WARN_UNINITIALIZED_AUTOS = YES;
				GCC_WARN_UNUSED_FUNCTION = YES;
				GCC_WARN_UNUSED_VARIABLE = YES;
				IPHONEOS_DEPLOYMENT_TARGET = 6.1;
				ONLY_ACTIVE_ARCH = YES;
				PROVISIONING_PROFILE = "5DA82B1E-5AD6-4A51-8476-9EF266818121";
				SDKROOT = iphoneos;
				VALID_ARCHS = "armv7 armv7s";
			};
			name = Debug;
		};
		7D7C1B94183722CB00CDD084 /* Release */ = {
			isa = XCBuildConfiguration;
			buildSettings = {
				ALWAYS_SEARCH_USER_PATHS = NO;
				ARCHS = "$(ARCHS_STANDARD)";
				CLANG_CXX_LANGUAGE_STANDARD = "gnu++0x";
				CLANG_CXX_LIBRARY = "libc++";
				CLANG_ENABLE_MODULES = YES;
				CLANG_ENABLE_OBJC_ARC = YES;
				CLANG_WARN_BOOL_CONVERSION = YES;
				CLANG_WARN_CONSTANT_CONVERSION = YES;
				CLANG_WARN_DIRECT_OBJC_ISA_USAGE = YES_ERROR;
				CLANG_WARN_EMPTY_BODY = YES;
				CLANG_WARN_ENUM_CONVERSION = YES;
				CLANG_WARN_INT_CONVERSION = YES;
				CLANG_WARN_OBJC_ROOT_CLASS = YES_ERROR;
				CLANG_WARN__DUPLICATE_METHOD_MATCH = YES;
				CODE_SIGN_IDENTITY = "iPhone Developer: Hart DEESE (DRW97N9F43)";
				"CODE_SIGN_IDENTITY[sdk=iphoneos*]" = "iPhone Developer";
				COPY_PHASE_STRIP = YES;
				ENABLE_NS_ASSERTIONS = NO;
				GCC_C_LANGUAGE_STANDARD = gnu99;
				GCC_WARN_64_TO_32_BIT_CONVERSION = YES;
				GCC_WARN_ABOUT_RETURN_TYPE = YES_ERROR;
				GCC_WARN_UNDECLARED_SELECTOR = YES;
				GCC_WARN_UNINITIALIZED_AUTOS = YES;
				GCC_WARN_UNUSED_FUNCTION = YES;
				GCC_WARN_UNUSED_VARIABLE = YES;
				IPHONEOS_DEPLOYMENT_TARGET = 6.1;
				ONLY_ACTIVE_ARCH = YES;
				PROVISIONING_PROFILE = "5DA82B1E-5AD6-4A51-8476-9EF266818121";
				SDKROOT = iphoneos;
				VALIDATE_PRODUCT = YES;
				VALID_ARCHS = "armv7 armv7s";
			};
			name = Release;
		};
		7D7C1B96183722CB00CDD084 /* Debug */ = {
			isa = XCBuildConfiguration;
			buildSettings = {
				ASSETCATALOG_COMPILER_APPICON_NAME = AppIcon;
				ASSETCATALOG_COMPILER_LAUNCHIMAGE_NAME = LaunchImage;
				CODE_SIGN_IDENTITY = "iPhone Distribution: Rupert Deese";
				"FRAMEWORK_SEARCH_PATHS[sdk=*]" = "$(SRCROOT)/../**";
				GCC_PRECOMPILE_PREFIX_HEADER = YES;
				GCC_PREFIX_HEADER = "roadtripdj/roadtripdj-Prefix.pch";
				"HEADER_SEARCH_PATHS[arch=*]" = "$(SRCROOT)/../**";
				INFOPLIST_FILE = "roadtripdj/roadtripdj-Info.plist";
				"LIBRARY_SEARCH_PATHS[arch=*]" = "$(SRCROOT)/../**";
				"OTHER_LDFLAGS[arch=*]" = (
					"-all_load",
					"-ObjC.",
				);
				PRODUCT_NAME = "$(TARGET_NAME)";
				PROVISIONING_PROFILE = "EBE24989-4D65-4BF5-832F-4DD2F3D26C62";
				WRAPPER_EXTENSION = app;
			};
			name = Debug;
		};
		7D7C1B97183722CB00CDD084 /* Release */ = {
			isa = XCBuildConfiguration;
			buildSettings = {
				ASSETCATALOG_COMPILER_APPICON_NAME = AppIcon;
				ASSETCATALOG_COMPILER_LAUNCHIMAGE_NAME = LaunchImage;
				CODE_SIGN_IDENTITY = "iPhone Distribution: Rupert Deese";
				"FRAMEWORK_SEARCH_PATHS[arch=*]" = "$(SRCROOT)/../**";
				GCC_PRECOMPILE_PREFIX_HEADER = YES;
				GCC_PREFIX_HEADER = "roadtripdj/roadtripdj-Prefix.pch";
				"HEADER_SEARCH_PATHS[arch=*]" = "$(SRCROOT)/../**";
				INFOPLIST_FILE = "roadtripdj/roadtripdj-Info.plist";
				"LIBRARY_SEARCH_PATHS[arch=*]" = "$(SRCROOT)/../**";
				"OTHER_LDFLAGS[arch=*]" = (
					"-all_load",
					"-ObjC.",
				);
				PRODUCT_NAME = "$(TARGET_NAME)";
				PROVISIONING_PROFILE = "EBE24989-4D65-4BF5-832F-4DD2F3D26C62";
				WRAPPER_EXTENSION = app;
			};
			name = Release;
		};
		7D7C1B99183722CB00CDD084 /* Debug */ = {
			isa = XCBuildConfiguration;
			buildSettings = {
				ARCHS = "$(ARCHS_STANDARD_INCLUDING_64_BIT)";
				BUNDLE_LOADER = "$(BUILT_PRODUCTS_DIR)/roadtripdj.app/roadtripdj";
				FRAMEWORK_SEARCH_PATHS = (
					"$(SDKROOT)/Developer/Library/Frameworks",
					"$(inherited)",
					"$(DEVELOPER_FRAMEWORKS_DIR)",
				);
				GCC_PRECOMPILE_PREFIX_HEADER = YES;
				GCC_PREFIX_HEADER = "roadtripdj/roadtripdj-Prefix.pch";
				GCC_PREPROCESSOR_DEFINITIONS = (
					"DEBUG=1",
					"$(inherited)",
				);
				INFOPLIST_FILE = "roadtripdjTests/roadtripdjTests-Info.plist";
				PRODUCT_NAME = "$(TARGET_NAME)";
				TEST_HOST = "$(BUNDLE_LOADER)";
				WRAPPER_EXTENSION = xctest;
			};
			name = Debug;
		};
		7D7C1B9A183722CB00CDD084 /* Release */ = {
			isa = XCBuildConfiguration;
			buildSettings = {
				ARCHS = "$(ARCHS_STANDARD_INCLUDING_64_BIT)";
				BUNDLE_LOADER = "$(BUILT_PRODUCTS_DIR)/roadtripdj.app/roadtripdj";
				FRAMEWORK_SEARCH_PATHS = (
					"$(SDKROOT)/Developer/Library/Frameworks",
					"$(inherited)",
					"$(DEVELOPER_FRAMEWORKS_DIR)",
				);
				GCC_PRECOMPILE_PREFIX_HEADER = YES;
				GCC_PREFIX_HEADER = "roadtripdj/roadtripdj-Prefix.pch";
				INFOPLIST_FILE = "roadtripdjTests/roadtripdjTests-Info.plist";
				PRODUCT_NAME = "$(TARGET_NAME)";
				TEST_HOST = "$(BUNDLE_LOADER)";
				WRAPPER_EXTENSION = xctest;
			};
			name = Release;
		};
/* End XCBuildConfiguration section */

/* Begin XCConfigurationList section */
		7D7C1B5E183722CB00CDD084 /* Build configuration list for PBXProject "roadtripdj" */ = {
			isa = XCConfigurationList;
			buildConfigurations = (
				7D7C1B93183722CB00CDD084 /* Debug */,
				7D7C1B94183722CB00CDD084 /* Release */,
			);
			defaultConfigurationIsVisible = 0;
			defaultConfigurationName = Release;
		};
		7D7C1B95183722CB00CDD084 /* Build configuration list for PBXNativeTarget "roadtripdj" */ = {
			isa = XCConfigurationList;
			buildConfigurations = (
				7D7C1B96183722CB00CDD084 /* Debug */,
				7D7C1B97183722CB00CDD084 /* Release */,
			);
			defaultConfigurationIsVisible = 0;
			defaultConfigurationName = Release;
		};
		7D7C1B98183722CB00CDD084 /* Build configuration list for PBXNativeTarget "roadtripdjTests" */ = {
			isa = XCConfigurationList;
			buildConfigurations = (
				7D7C1B99183722CB00CDD084 /* Debug */,
				7D7C1B9A183722CB00CDD084 /* Release */,
			);
			defaultConfigurationIsVisible = 0;
			defaultConfigurationName = Release;
		};
/* End XCConfigurationList section */
	};
	rootObject = 7D7C1B5B183722CB00CDD084 /* Project object */;
}
